
Microsoft Visual Studio Solution File, Format Version 12.00
# Visual Studio Version 17
VisualStudioVersion = 17.8.34330.188
MinimumVisualStudioVersion = 10.0.40219.1
Project("{9A19103F-16F7-4668-BE54-9A1E7A4F7556}") = "AE3803Notification", "AE3803Notification\AE3803Notification.csproj", "{A79A6927-2537-492D-9C84-DC91BE7D4E9F}"
EndProject
Project("{FAE04EC0-301F-11D3-BF4B-00C04F79EFBC}") = "AE3803Notification.Domain", "AE3803Notification.Domain\AE3803Notification.Domain.csproj", "{CDCA1058-5FE5-418E-BC77-76F43CE59F99}"
EndProject
Project("{FAE04EC0-301F-11D3-BF4B-00C04F79EFBC}") = "AE3803Notification.Infrastructure", "AE3803Notification.Infrastructure\AE3803Notification.Infrastructure.csproj", "{0CFA3770-5C1E-4654-8921-08958CE5F207}"
EndProject
Global
	GlobalSection(SolutionConfigurationPlatforms) = preSolution
		Debug|Any CPU = Debug|Any CPU
		Release|Any CPU = Release|Any CPU
	EndGlobalSection
	GlobalSection(ProjectConfigurationPlatforms) = postSolution
		{A79A6927-2537-492D-9C84-DC91BE7D4E9F}.Debug|Any CPU.ActiveCfg = Debug|Any CPU
		{A79A6927-2537-492D-9C84-DC91BE7D4E9F}.Debug|Any CPU.Build.0 = Debug|Any CPU
		{A79A6927-2537-492D-9C84-DC91BE7D4E9F}.Release|Any CPU.ActiveCfg = Release|Any CPU
		{A79A6927-2537-492D-9C84-DC91BE7D4E9F}.Release|Any CPU.Build.0 = Release|Any CPU
		{CDCA1058-5FE5-418E-BC77-76F43CE59F99}.Debug|Any CPU.ActiveCfg = Debug|Any CPU
		{CDCA1058-5FE5-418E-BC77-76F43CE59F99}.Debug|Any CPU.Build.0 = Debug|Any CPU
		{CDCA1058-5FE5-418E-BC77-76F43CE59F99}.Release|Any CPU.ActiveCfg = Release|Any CPU
		{CDCA1058-5FE5-418E-BC77-76F43CE59F99}.Release|Any CPU.Build.0 = Release|Any CPU
		{0CFA3770-5C1E-4654-8921-08958CE5F207}.Debug|Any CPU.ActiveCfg = Debug|Any CPU
		{0CFA3770-5C1E-4654-8921-08958CE5F207}.Debug|Any CPU.Build.0 = Debug|Any CPU
		{0CFA3770-5C1E-4654-8921-08958CE5F207}.Release|Any CPU.ActiveCfg = Release|Any CPU
		{0CFA3770-5C1E-4654-8921-08958CE5F207}.Release|Any CPU.Build.0 = Release|Any CPU
	EndGlobalSection
	GlobalSection(SolutionProperties) = preSolution
		HideSolutionNode = FALSE
	EndGlobalSection
	GlobalSection(ExtensibilityGlobals) = postSolution
		SolutionGuid = {6BD9118B-2981-4D76-9F31-71CE62FBD537}
	EndGlobalSection
EndGlobal
